
Microsoft Visual Studio Solution File, Format Version 12.00
# Visual Studio 14
VisualStudioVersion = 14.0.23107.0
MinimumVisualStudioVersion = 10.0.40219.1
Project("{FAE04EC0-301F-11D3-BF4B-00C04F79EFBC}") = "Framework", "Projects\Framework\Framework.csproj", "{CC4266AC-7AED-4406-BD11-B6F217A0BA13}"
EndProject
Project("{FAE04EC0-301F-11D3-BF4B-00C04F79EFBC}") = "AuthServer", "Projects\AuthServer\AuthServer.csproj", "{27166AA7-E01B-471C-AE0D-491C785CBCCB}"
EndProject
Global
	GlobalSection(SolutionConfigurationPlatforms) = preSolution
		Debug|Any CPU = Debug|Any CPU
		Release|Any CPU = Release|Any CPU
	EndGlobalSection
	GlobalSection(ProjectConfigurationPlatforms) = postSolution
		{CC4266AC-7AED-4406-BD11-B6F217A0BA13}.Debug|Any CPU.ActiveCfg = Debug|Any CPU
		{CC4266AC-7AED-4406-BD11-B6F217A0BA13}.Debug|Any CPU.Build.0 = Debug|Any CPU
		{CC4266AC-7AED-4406-BD11-B6F217A0BA13}.Release|Any CPU.ActiveCfg = Release|Any CPU
		{CC4266AC-7AED-4406-BD11-B6F217A0BA13}.Release|Any CPU.Build.0 = Release|Any CPU
		{27166AA7-E01B-471C-AE0D-491C785CBCCB}.Debug|Any CPU.ActiveCfg = Debug|Any CPU
		{27166AA7-E01B-471C-AE0D-491C785CBCCB}.Debug|Any CPU.Build.0 = Debug|Any CPU
		{27166AA7-E01B-471C-AE0D-491C785CBCCB}.Release|Any CPU.ActiveCfg = Release|Any CPU
		{27166AA7-E01B-471C-AE0D-491C785CBCCB}.Release|Any CPU.Build.0 = Release|Any CPU
	EndGlobalSection
	GlobalSection(SolutionProperties) = preSolution
		HideSolutionNode = FALSE
	EndGlobalSection
EndGlobal
