
Microsoft Visual Studio Solution File, Format Version 12.00
# Visual Studio 14
VisualStudioVersion = 14.0.23107.0
MinimumVisualStudioVersion = 10.0.40219.1
Project("{2150E333-8FDC-42A3-9474-1A3956D46DE8}") = "Libraries", "Libraries", "{90AD3DBA-328A-404B-9E5F-6E3A090D172F}"
EndProject
Project("{2150E333-8FDC-42A3-9474-1A3956D46DE8}") = "Server", "Server", "{C32481F9-BA00-403D-B1B9-143BB688E5C6}"
EndProject
Project("{FAE04EC0-301F-11D3-BF4B-00C04F79EFBC}") = "AuthServer", "Projects\Server\AuthServer\AuthServer.csproj", "{03A72D49-A3A1-4640-8ECB-7B3DD7E5EF6E}"
EndProject
Project("{FAE04EC0-301F-11D3-BF4B-00C04F79EFBC}") = "WorldServer", "Projects\Server\WorldServer\WorldServer.csproj", "{CFD28A6F-DBB7-4AB5-840D-C60FBEB9650E}"
EndProject
Project("{FAE04EC0-301F-11D3-BF4B-00C04F79EFBC}") = "ProxyServer", "Projects\Server\ProxyServer\ProxyServer.csproj", "{0A5FC297-F103-444C-8ECF-D3D4C5836DF3}"
EndProject
Project("{FAE04EC0-301F-11D3-BF4B-00C04F79EFBC}") = "Framework", "Projects\Libraries\Framework\Framework.csproj", "{D209AF89-F171-4D9B-BB49-09CEC2126852}"
EndProject
Project("{D954291E-2A0B-460D-934E-DC6B0785DB48}") = "Lappa ORM", "Projects\Libraries\LappaORM\Lappa ORM\Lappa ORM.shproj", "{D5FF446F-CAA9-4995-9957-88B43BC86FAB}"
EndProject
Global
	GlobalSection(SharedMSBuildProjectFiles) = preSolution
		Projects\Libraries\LappaORM\Lappa ORM\Lappa ORM.projitems*{d5ff446f-caa9-4995-9957-88b43bc86fab}*SharedItemsImports = 13
		Projects\Libraries\LappaORM\Lappa ORM\Lappa ORM.projitems*{d209af89-f171-4d9b-bb49-09cec2126852}*SharedItemsImports = 4
	EndGlobalSection
	GlobalSection(SolutionConfigurationPlatforms) = preSolution
		Debug|x64 = Debug|x64
		Debug|x86 = Debug|x86
		Release|x64 = Release|x64
		Release|x86 = Release|x86
	EndGlobalSection
	GlobalSection(ProjectConfigurationPlatforms) = postSolution
		{03A72D49-A3A1-4640-8ECB-7B3DD7E5EF6E}.Debug|x64.ActiveCfg = Debug|x64
		{03A72D49-A3A1-4640-8ECB-7B3DD7E5EF6E}.Debug|x64.Build.0 = Debug|x64
		{03A72D49-A3A1-4640-8ECB-7B3DD7E5EF6E}.Debug|x86.ActiveCfg = Debug|x86
		{03A72D49-A3A1-4640-8ECB-7B3DD7E5EF6E}.Debug|x86.Build.0 = Debug|x86
		{03A72D49-A3A1-4640-8ECB-7B3DD7E5EF6E}.Release|x64.ActiveCfg = Release|x64
		{03A72D49-A3A1-4640-8ECB-7B3DD7E5EF6E}.Release|x64.Build.0 = Release|x64
		{03A72D49-A3A1-4640-8ECB-7B3DD7E5EF6E}.Release|x86.ActiveCfg = Release|x86
		{03A72D49-A3A1-4640-8ECB-7B3DD7E5EF6E}.Release|x86.Build.0 = Release|x86
		{CFD28A6F-DBB7-4AB5-840D-C60FBEB9650E}.Debug|x64.ActiveCfg = Debug|x64
		{CFD28A6F-DBB7-4AB5-840D-C60FBEB9650E}.Debug|x64.Build.0 = Debug|x64
		{CFD28A6F-DBB7-4AB5-840D-C60FBEB9650E}.Debug|x86.ActiveCfg = Debug|x86
		{CFD28A6F-DBB7-4AB5-840D-C60FBEB9650E}.Debug|x86.Build.0 = Debug|x86
		{CFD28A6F-DBB7-4AB5-840D-C60FBEB9650E}.Release|x64.ActiveCfg = Release|x64
		{CFD28A6F-DBB7-4AB5-840D-C60FBEB9650E}.Release|x64.Build.0 = Release|x64
		{CFD28A6F-DBB7-4AB5-840D-C60FBEB9650E}.Release|x86.ActiveCfg = Release|x86
		{CFD28A6F-DBB7-4AB5-840D-C60FBEB9650E}.Release|x86.Build.0 = Release|x86
		{0A5FC297-F103-444C-8ECF-D3D4C5836DF3}.Debug|x64.ActiveCfg = Debug|x64
		{0A5FC297-F103-444C-8ECF-D3D4C5836DF3}.Debug|x64.Build.0 = Debug|x64
		{0A5FC297-F103-444C-8ECF-D3D4C5836DF3}.Debug|x86.ActiveCfg = Debug|x86
		{0A5FC297-F103-444C-8ECF-D3D4C5836DF3}.Debug|x86.Build.0 = Debug|x86
		{0A5FC297-F103-444C-8ECF-D3D4C5836DF3}.Release|x64.ActiveCfg = Release|x64
		{0A5FC297-F103-444C-8ECF-D3D4C5836DF3}.Release|x64.Build.0 = Release|x64
		{0A5FC297-F103-444C-8ECF-D3D4C5836DF3}.Release|x86.ActiveCfg = Release|x86
		{0A5FC297-F103-444C-8ECF-D3D4C5836DF3}.Release|x86.Build.0 = Release|x86
		{D209AF89-F171-4D9B-BB49-09CEC2126852}.Debug|x64.ActiveCfg = Debug|x64
		{D209AF89-F171-4D9B-BB49-09CEC2126852}.Debug|x64.Build.0 = Debug|x64
		{D209AF89-F171-4D9B-BB49-09CEC2126852}.Debug|x86.ActiveCfg = Debug|x86
		{D209AF89-F171-4D9B-BB49-09CEC2126852}.Debug|x86.Build.0 = Debug|x86
		{D209AF89-F171-4D9B-BB49-09CEC2126852}.Release|x64.ActiveCfg = Release|x64
		{D209AF89-F171-4D9B-BB49-09CEC2126852}.Release|x64.Build.0 = Release|x64
		{D209AF89-F171-4D9B-BB49-09CEC2126852}.Release|x86.ActiveCfg = Release|x86
		{D209AF89-F171-4D9B-BB49-09CEC2126852}.Release|x86.Build.0 = Release|x86
	EndGlobalSection
	GlobalSection(SolutionProperties) = preSolution
		HideSolutionNode = FALSE
	EndGlobalSection
	GlobalSection(NestedProjects) = preSolution
		{03A72D49-A3A1-4640-8ECB-7B3DD7E5EF6E} = {C32481F9-BA00-403D-B1B9-143BB688E5C6}
		{CFD28A6F-DBB7-4AB5-840D-C60FBEB9650E} = {C32481F9-BA00-403D-B1B9-143BB688E5C6}
		{0A5FC297-F103-444C-8ECF-D3D4C5836DF3} = {C32481F9-BA00-403D-B1B9-143BB688E5C6}
		{D209AF89-F171-4D9B-BB49-09CEC2126852} = {90AD3DBA-328A-404B-9E5F-6E3A090D172F}
		{D5FF446F-CAA9-4995-9957-88B43BC86FAB} = {90AD3DBA-328A-404B-9E5F-6E3A090D172F}
	EndGlobalSection
EndGlobal
